// !$*UTF8*$!
{
	archiveVersion = 1;
	classes = {
	};
	objectVersion = 56;
	objects = {

/* Begin PBXBuildFile section */
		FAFFD9102DAADAE50021C268 /* Nutrition_project_appApp.swift in Sources */ = {isa = PBXBuildFile; fileRef = FAFFD90F2DAADAE50021C268 /* Nutrition_project_appApp.swift */; };
		FAFFD9122DAADAE50021C268 /* ContentView.swift in Sources */ = {isa = PBXBuildFile; fileRef = FAFFD9112DAADAE50021C268 /* ContentView.swift */; };
		FAFFD9142DAADAE60021C268 /* Assets.xcassets in Resources */ = {isa = PBXBuildFile; fileRef = FAFFD9132DAADAE60021C268 /* Assets.xcassets */; };
		FAFFD9172DAADAE60021C268 /* Preview Assets.xcassets in Resources */ = {isa = PBXBuildFile; fileRef = FAFFD9162DAADAE60021C268 /* Preview Assets.xcassets */; };
		FAFFD9212DAADAE70021C268 /* Nutrition_project_appTests.swift in Sources */ = {isa = PBXBuildFile; fileRef = FAFFD9202DAADAE70021C268 /* Nutrition_project_appTests.swift */; };
		FAFFD92B2DAADAE70021C268 /* Nutrition_project_appUITests.swift in Sources */ = {isa = PBXBuildFile; fileRef = FAFFD92A2DAADAE70021C268 /* Nutrition_project_appUITests.swift */; };
		FAFFD92D2DAADAE70021C268 /* Nutrition_project_appUITestsLaunchTests.swift in Sources */ = {isa = PBXBuildFile; fileRef = FAFFD92C2DAADAE70021C268 /* Nutrition_project_appUITestsLaunchTests.swift */; };
/* End PBXBuildFile section */

/* Begin PBXContainerItemProxy section */
		FAFFD91D2DAADAE70021C268 /* PBXContainerItemProxy */ = {
			isa = PBXContainerItemProxy;
			containerPortal = FAFFD9042DAADAE50021C268 /* Project object */;
			proxyType = 1;
			remoteGlobalIDString = FAFFD90B2DAADAE50021C268;
			remoteInfo = "Nutrition project app";
		};
		FAFFD9272DAADAE70021C268 /* PBXContainerItemProxy */ = {
			isa = PBXContainerItemProxy;
			containerPortal = FAFFD9042DAADAE50021C268 /* Project object */;
			proxyType = 1;
			remoteGlobalIDString = FAFFD90B2DAADAE50021C268;
			remoteInfo = "Nutrition project app";
		};
/* End PBXContainerItemProxy section */

/* Begin PBXFileReference section */
		FAFFD90C2DAADAE50021C268 /* Nutrition project app.app */ = {isa = PBXFileReference; explicitFileType = wrapper.application; includeInIndex = 0; path = "Nutrition project app.app"; sourceTree = BUILT_PRODUCTS_DIR; };
		FAFFD90F2DAADAE50021C268 /* Nutrition_project_appApp.swift */ = {isa = PBXFileReference; lastKnownFileType = sourcecode.swift; path = Nutrition_project_appApp.swift; sourceTree = "<group>"; };
		FAFFD9112DAADAE50021C268 /* ContentView.swift */ = {isa = PBXFileReference; lastKnownFileType = sourcecode.swift; path = ContentView.swift; sourceTree = "<group>"; };
		FAFFD9132DAADAE60021C268 /* Assets.xcassets */ = {isa = PBXFileReference; lastKnownFileType = folder.assetcatalog; path = Assets.xcassets; sourceTree = "<group>"; };
		FAFFD9162DAADAE60021C268 /* Preview Assets.xcassets */ = {isa = PBXFileReference; lastKnownFileType = folder.assetcatalog; path = "Preview Assets.xcassets"; sourceTree = "<group>"; };
		FAFFD91C2DAADAE70021C268 /* Nutrition project appTests.xctest */ = {isa = PBXFileReference; explicitFileType = wrapper.cfbundle; includeInIndex = 0; path = "Nutrition project appTests.xctest"; sourceTree = BUILT_PRODUCTS_DIR; };
		FAFFD9202DAADAE70021C268 /* Nutrition_project_appTests.swift */ = {isa = PBXFileReference; lastKnownFileType = sourcecode.swift; path = Nutrition_project_appTests.swift; sourceTree = "<group>"; };
		FAFFD9262DAADAE70021C268 /* Nutrition project appUITests.xctest */ = {isa = PBXFileReference; explicitFileType = wrapper.cfbundle; includeInIndex = 0; path = "Nutrition project appUITests.xctest"; sourceTree = BUILT_PRODUCTS_DIR; };
		FAFFD92A2DAADAE70021C268 /* Nutrition_project_appUITests.swift */ = {isa = PBXFileReference; lastKnownFileType = sourcecode.swift; path = Nutrition_project_appUITests.swift; sourceTree = "<group>"; };
		FAFFD92C2DAADAE70021C268 /* Nutrition_project_appUITestsLaunchTests.swift */ = {isa = PBXFileReference; lastKnownFileType = sourcecode.swift; path = Nutrition_project_appUITestsLaunchTests.swift; sourceTree = "<group>"; };
/* End PBXFileReference section */

/* Begin PBXFrameworksBuildPhase section */
		FAFFD9092DAADAE50021C268 /* Frameworks */ = {
			isa = PBXFrameworksBuildPhase;
			buildActionMask = 2147483647;
			files = (
			);
			runOnlyForDeploymentPostprocessing = 0;
		};
		FAFFD9192DAADAE70021C268 /* Frameworks */ = {
			isa = PBXFrameworksBuildPhase;
			buildActionMask = 2147483647;
			files = (
			);
			runOnlyForDeploymentPostprocessing = 0;
		};
		FAFFD9232DAADAE70021C268 /* Frameworks */ = {
			isa = PBXFrameworksBuildPhase;
			buildActionMask = 2147483647;
			files = (
			);
			runOnlyForDeploymentPostprocessing = 0;
		};
/* End PBXFrameworksBuildPhase section */

/* Begin PBXGroup section */
		FAFFD9032DAADAE50021C268 = {
			isa = PBXGroup;
			children = (
				FAFFD90E2DAADAE50021C268 /* Nutrition project app */,
				FAFFD91F2DAADAE70021C268 /* Nutrition project appTests */,
				FAFFD9292DAADAE70021C268 /* Nutrition project appUITests */,
				FAFFD90D2DAADAE50021C268 /* Products */,
			);
			sourceTree = "<group>";
		};
		FAFFD90D2DAADAE50021C268 /* Products */ = {
			isa = PBXGroup;
			children = (
				FAFFD90C2DAADAE50021C268 /* Nutrition project app.app */,
				FAFFD91C2DAADAE70021C268 /* Nutrition project appTests.xctest */,
				FAFFD9262DAADAE70021C268 /* Nutrition project appUITests.xctest */,
			);
			name = Products;
			sourceTree = "<group>";
		};
		FAFFD90E2DAADAE50021C268 /* Nutrition project app */ = {
			isa = PBXGroup;
			children = (
				FAFFD90F2DAADAE50021C268 /* Nutrition_project_appApp.swift */,
				FAFFD9112DAADAE50021C268 /* ContentView.swift */,
				FAFFD9132DAADAE60021C268 /* Assets.xcassets */,
				FAFFD9152DAADAE60021C268 /* Preview Content */,
			);
			path = "Nutrition project app";
			sourceTree = "<group>";
		};
		FAFFD9152DAADAE60021C268 /* Preview Content */ = {
			isa = PBXGroup;
			children = (
				FAFFD9162DAADAE60021C268 /* Preview Assets.xcassets */,
			);
			path = "Preview Content";
			sourceTree = "<group>";
		};
		FAFFD91F2DAADAE70021C268 /* Nutrition project appTests */ = {
			isa = PBXGroup;
			children = (
				FAFFD9202DAADAE70021C268 /* Nutrition_project_appTests.swift */,
			);
			path = "Nutrition project appTests";
			sourceTree = "<group>";
		};
		FAFFD9292DAADAE70021C268 /* Nutrition project appUITests */ = {
			isa = PBXGroup;
			children = (
				FAFFD92A2DAADAE70021C268 /* Nutrition_project_appUITests.swift */,
				FAFFD92C2DAADAE70021C268 /* Nutrition_project_appUITestsLaunchTests.swift */,
			);
			path = "Nutrition project appUITests";
			sourceTree = "<group>";
		};
/* End PBXGroup section */

/* Begin PBXNativeTarget section */
		FAFFD90B2DAADAE50021C268 /* Nutrition project app */ = {
			isa = PBXNativeTarget;
			buildConfigurationList = FAFFD9302DAADAE70021C268 /* Build configuration list for PBXNativeTarget "Nutrition project app" */;
			buildPhases = (
				FAFFD9082DAADAE50021C268 /* Sources */,
				FAFFD9092DAADAE50021C268 /* Frameworks */,
				FAFFD90A2DAADAE50021C268 /* Resources */,
			);
			buildRules = (
			);
			dependencies = (
			);
			name = "Nutrition project app";
			productName = "Nutrition project app";
			productReference = FAFFD90C2DAADAE50021C268 /* Nutrition project app.app */;
			productType = "com.apple.product-type.application";
		};
		FAFFD91B2DAADAE70021C268 /* Nutrition project appTests */ = {
			isa = PBXNativeTarget;
			buildConfigurationList = FAFFD9332DAADAE70021C268 /* Build configuration list for PBXNativeTarget "Nutrition project appTests" */;
			buildPhases = (
				FAFFD9182DAADAE70021C268 /* Sources */,
				FAFFD9192DAADAE70021C268 /* Frameworks */,
				FAFFD91A2DAADAE70021C268 /* Resources */,
			);
			buildRules = (
			);
			dependencies = (
				FAFFD91E2DAADAE70021C268 /* PBXTargetDependency */,
			);
			name = "Nutrition project appTests";
			productName = "Nutrition project appTests";
			productReference = FAFFD91C2DAADAE70021C268 /* Nutrition project appTests.xctest */;
			productType = "com.apple.product-type.bundle.unit-test";
		};
		FAFFD9252DAADAE70021C268 /* Nutrition project appUITests */ = {
			isa = PBXNativeTarget;
			buildConfigurationList = FAFFD9362DAADAE70021C268 /* Build configuration list for PBXNativeTarget "Nutrition project appUITests" */;
			buildPhases = (
				FAFFD9222DAADAE70021C268 /* Sources */,
				FAFFD9232DAADAE70021C268 /* Frameworks */,
				FAFFD9242DAADAE70021C268 /* Resources */,
			);
			buildRules = (
			);
			dependencies = (
				FAFFD9282DAADAE70021C268 /* PBXTargetDependency */,
			);
			name = "Nutrition project appUITests";
			productName = "Nutrition project appUITests";
			productReference = FAFFD9262DAADAE70021C268 /* Nutrition project appUITests.xctest */;
			productType = "com.apple.product-type.bundle.ui-testing";
		};
/* End PBXNativeTarget section */

/* Begin PBXProject section */
		FAFFD9042DAADAE50021C268 /* Project object */ = {
			isa = PBXProject;
			attributes = {
				BuildIndependentTargetsInParallel = 1;
				LastSwiftUpdateCheck = 1540;
				LastUpgradeCheck = 1540;
				TargetAttributes = {
					FAFFD90B2DAADAE50021C268 = {
						CreatedOnToolsVersion = 15.4;
					};
					FAFFD91B2DAADAE70021C268 = {
						CreatedOnToolsVersion = 15.4;
						TestTargetID = FAFFD90B2DAADAE50021C268;
					};
					FAFFD9252DAADAE70021C268 = {
						CreatedOnToolsVersion = 15.4;
						TestTargetID = FAFFD90B2DAADAE50021C268;
					};
				};
			};
			buildConfigurationList = FAFFD9072DAADAE50021C268 /* Build configuration list for PBXProject "Nutrition project app" */;
			compatibilityVersion = "Xcode 14.0";
			developmentRegion = en;
			hasScannedForEncodings = 0;
			knownRegions = (
				en,
				Base,
			);
			mainGroup = FAFFD9032DAADAE50021C268;
			productRefGroup = FAFFD90D2DAADAE50021C268 /* Products */;
			projectDirPath = "";
			projectRoot = "";
			targets = (
				FAFFD90B2DAADAE50021C268 /* Nutrition project app */,
				FAFFD91B2DAADAE70021C268 /* Nutrition project appTests */,
				FAFFD9252DAADAE70021C268 /* Nutrition project appUITests */,
			);
		};
/* End PBXProject section */

/* Begin PBXResourcesBuildPhase section */
		FAFFD90A2DAADAE50021C268 /* Resources */ = {
			isa = PBXResourcesBuildPhase;
			buildActionMask = 2147483647;
			files = (
				FAFFD9172DAADAE60021C268 /* Preview Assets.xcassets in Resources */,
				FAFFD9142DAADAE60021C268 /* Assets.xcassets in Resources */,
			);
			runOnlyForDeploymentPostprocessing = 0;
		};
		FAFFD91A2DAADAE70021C268 /* Resources */ = {
			isa = PBXResourcesBuildPhase;
			buildActionMask = 2147483647;
			files = (
			);
			runOnlyForDeploymentPostprocessing = 0;
		};
		FAFFD9242DAADAE70021C268 /* Resources */ = {
			isa = PBXResourcesBuildPhase;
			buildActionMask = 2147483647;
			files = (
			);
			runOnlyForDeploymentPostprocessing = 0;
		};
/* End PBXResourcesBuildPhase section */

/* Begin PBXSourcesBuildPhase section */
		FAFFD9082DAADAE50021C268 /* Sources */ = {
			isa = PBXSourcesBuildPhase;
			buildActionMask = 2147483647;
			files = (
				FAFFD9122DAADAE50021C268 /* ContentView.swift in Sources */,
				FAFFD9102DAADAE50021C268 /* Nutrition_project_appApp.swift in Sources */,
			);
			runOnlyForDeploymentPostprocessing = 0;
		};
		FAFFD9182DAADAE70021C268 /* Sources */ = {
			isa = PBXSourcesBuildPhase;
			buildActionMask = 2147483647;
			files = (
				FAFFD9212DAADAE70021C268 /* Nutrition_project_appTests.swift in Sources */,
			);
			runOnlyForDeploymentPostprocessing = 0;
		};
		FAFFD9222DAADAE70021C268 /* Sources */ = {
			isa = PBXSourcesBuildPhase;
			buildActionMask = 2147483647;
			files = (
				FAFFD92B2DAADAE70021C268 /* Nutrition_project_appUITests.swift in Sources */,
				FAFFD92D2DAADAE70021C268 /* Nutrition_project_appUITestsLaunchTests.swift in Sources */,
			);
			runOnlyForDeploymentPostprocessing = 0;
		};
/* End PBXSourcesBuildPhase section */

/* Begin PBXTargetDependency section */
		FAFFD91E2DAADAE70021C268 /* PBXTargetDependency */ = {
			isa = PBXTargetDependency;
			target = FAFFD90B2DAADAE50021C268 /* Nutrition project app */;
			targetProxy = FAFFD91D2DAADAE70021C268 /* PBXContainerItemProxy */;
		};
		FAFFD9282DAADAE70021C268 /* PBXTargetDependency */ = {
			isa = PBXTargetDependency;
			target = FAFFD90B2DAADAE50021C268 /* Nutrition project app */;
			targetProxy = FAFFD9272DAADAE70021C268 /* PBXContainerItemProxy */;
		};
/* End PBXTargetDependency section */

/* Begin XCBuildConfiguration section */
		FAFFD92E2DAADAE70021C268 /* Debug */ = {
			isa = XCBuildConfiguration;
			buildSettings = {
				ALWAYS_SEARCH_USER_PATHS = NO;
				ASSETCATALOG_COMPILER_GENERATE_SWIFT_ASSET_SYMBOL_EXTENSIONS = YES;
				CLANG_ANALYZER_NONNULL = YES;
				CLANG_ANALYZER_NUMBER_OBJECT_CONVERSION = YES_AGGRESSIVE;
				CLANG_CXX_LANGUAGE_STANDARD = "gnu++20";
				CLANG_ENABLE_MODULES = YES;
				CLANG_ENABLE_OBJC_ARC = YES;
				CLANG_ENABLE_OBJC_WEAK = YES;
				CLANG_WARN_BLOCK_CAPTURE_AUTORELEASING = YES;
				CLANG_WARN_BOOL_CONVERSION = YES;
				CLANG_WARN_COMMA = YES;
				CLANG_WARN_CONSTANT_CONVERSION = YES;
				CLANG_WARN_DEPRECATED_OBJC_IMPLEMENTATIONS = YES;
				CLANG_WARN_DIRECT_OBJC_ISA_USAGE = YES_ERROR;
				CLANG_WARN_DOCUMENTATION_COMMENTS = YES;
				CLANG_WARN_EMPTY_BODY = YES;
				CLANG_WARN_ENUM_CONVERSION = YES;
				CLANG_WARN_INFINITE_RECURSION = YES;
				CLANG_WARN_INT_CONVERSION = YES;
				CLANG_WARN_NON_LITERAL_NULL_CONVERSION = YES;
				CLANG_WARN_OBJC_IMPLICIT_RETAIN_SELF = YES;
				CLANG_WARN_OBJC_LITERAL_CONVERSION = YES;
				CLANG_WARN_OBJC_ROOT_CLASS = YES_ERROR;
				CLANG_WARN_QUOTED_INCLUDE_IN_FRAMEWORK_HEADER = YES;
				CLANG_WARN_RANGE_LOOP_ANALYSIS = YES;
				CLANG_WARN_STRICT_PROTOTYPES = YES;
				CLANG_WARN_SUSPICIOUS_MOVE = YES;
				CLANG_WARN_UNGUARDED_AVAILABILITY = YES_AGGRESSIVE;
				CLANG_WARN_UNREACHABLE_CODE = YES;
				CLANG_WARN__DUPLICATE_METHOD_MATCH = YES;
				COPY_PHASE_STRIP = NO;
				DEBUG_INFORMATION_FORMAT = dwarf;
				ENABLE_STRICT_OBJC_MSGSEND = YES;
				ENABLE_TESTABILITY = YES;
				ENABLE_USER_SCRIPT_SANDBOXING = YES;
				GCC_C_LANGUAGE_STANDARD = gnu17;
				GCC_DYNAMIC_NO_PIC = NO;
				GCC_NO_COMMON_BLOCKS = YES;
				GCC_OPTIMIZATION_LEVEL = 0;
				GCC_PREPROCESSOR_DEFINITIONS = (
					"DEBUG=1",
					"$(inherited)",
				);
				GCC_WARN_64_TO_32_BIT_CONVERSION = YES;
				GCC_WARN_ABOUT_RETURN_TYPE = YES_ERROR;
				GCC_WARN_UNDECLARED_SELECTOR = YES;
				GCC_WARN_UNINITIALIZED_AUTOS = YES_AGGRESSIVE;
				GCC_WARN_UNUSED_FUNCTION = YES;
				GCC_WARN_UNUSED_VARIABLE = YES;
				IPHONEOS_DEPLOYMENT_TARGET = 17.5;
				LOCALIZATION_PREFERS_STRING_CATALOGS = YES;
				MTL_ENABLE_DEBUG_INFO = INCLUDE_SOURCE;
				MTL_FAST_MATH = YES;
				ONLY_ACTIVE_ARCH = YES;
				SDKROOT = iphoneos;
				SWIFT_ACTIVE_COMPILATION_CONDITIONS = "DEBUG $(inherited)";
				SWIFT_OPTIMIZATION_LEVEL = "-Onone";
			};
			name = Debug;
		};
		FAFFD92F2DAADAE70021C268 /* Release */ = {
			isa = XCBuildConfiguration;
			buildSettings = {
				ALWAYS_SEARCH_USER_PATHS = NO;
				ASSETCATALOG_COMPILER_GENERATE_SWIFT_ASSET_SYMBOL_EXTENSIONS = YES;
				CLANG_ANALYZER_NONNULL = YES;
				CLANG_ANALYZER_NUMBER_OBJECT_CONVERSION = YES_AGGRESSIVE;
				CLANG_CXX_LANGUAGE_STANDARD = "gnu++20";
				CLANG_ENABLE_MODULES = YES;
				CLANG_ENABLE_OBJC_ARC = YES;
				CLANG_ENABLE_OBJC_WEAK = YES;
				CLANG_WARN_BLOCK_CAPTURE_AUTORELEASING = YES;
				CLANG_WARN_BOOL_CONVERSION = YES;
				CLANG_WARN_COMMA = YES;
				CLANG_WARN_CONSTANT_CONVERSION = YES;
				CLANG_WARN_DEPRECATED_OBJC_IMPLEMENTATIONS = YES;
				CLANG_WARN_DIRECT_OBJC_ISA_USAGE = YES_ERROR;
				CLANG_WARN_DOCUMENTATION_COMMENTS = YES;
				CLANG_WARN_EMPTY_BODY = YES;
				CLANG_WARN_ENUM_CONVERSION = YES;
				CLANG_WARN_INFINITE_RECURSION = YES;
				CLANG_WARN_INT_CONVERSION = YES;
				CLANG_WARN_NON_LITERAL_NULL_CONVERSION = YES;
				CLANG_WARN_OBJC_IMPLICIT_RETAIN_SELF = YES;
				CLANG_WARN_OBJC_LITERAL_CONVERSION = YES;
				CLANG_WARN_OBJC_ROOT_CLASS = YES_ERROR;
				CLANG_WARN_QUOTED_INCLUDE_IN_FRAMEWORK_HEADER = YES;
				CLANG_WARN_RANGE_LOOP_ANALYSIS = YES;
				CLANG_WARN_STRICT_PROTOTYPES = YES;
				CLANG_WARN_SUSPICIOUS_MOVE = YES;
				CLANG_WARN_UNGUARDED_AVAILABILITY = YES_AGGRESSIVE;
				CLANG_WARN_UNREACHABLE_CODE = YES;
				CLANG_WARN__DUPLICATE_METHOD_MATCH = YES;
				COPY_PHASE_STRIP = NO;
				DEBUG_INFORMATION_FORMAT = "dwarf-with-dsym";
				ENABLE_NS_ASSERTIONS = NO;
				ENABLE_STRICT_OBJC_MSGSEND = YES;
				ENABLE_USER_SCRIPT_SANDBOXING = YES;
				GCC_C_LANGUAGE_STANDARD = gnu17;
				GCC_NO_COMMON_BLOCKS = YES;
				GCC_WARN_64_TO_32_BIT_CONVERSION = YES;
				GCC_WARN_ABOUT_RETURN_TYPE = YES_ERROR;
				GCC_WARN_UNDECLARED_SELECTOR = YES;
				GCC_WARN_UNINITIALIZED_AUTOS = YES_AGGRESSIVE;
				GCC_WARN_UNUSED_FUNCTION = YES;
				GCC_WARN_UNUSED_VARIABLE = YES;
				IPHONEOS_DEPLOYMENT_TARGET = 17.5;
				LOCALIZATION_PREFERS_STRING_CATALOGS = YES;
				MTL_ENABLE_DEBUG_INFO = NO;
				MTL_FAST_MATH = YES;
				SDKROOT = iphoneos;
				SWIFT_COMPILATION_MODE = wholemodule;
				VALIDATE_PRODUCT = YES;
			};
			name = Release;
		};
		FAFFD9312DAADAE70021C268 /* Debug */ = {
			isa = XCBuildConfiguration;
			buildSettings = {
				ASSETCATALOG_COMPILER_APPICON_NAME = AppIcon;
				ASSETCATALOG_COMPILER_GLOBAL_ACCENT_COLOR_NAME = AccentColor;
				CODE_SIGN_STYLE = Automatic;
				CURRENT_PROJECT_VERSION = 1;
				DEVELOPMENT_ASSET_PATHS = "\"Nutrition project app/Preview Content\"";
				ENABLE_PREVIEWS = YES;
				GENERATE_INFOPLIST_FILE = YES;
				INFOPLIST_KEY_UIApplicationSceneManifest_Generation = YES;
				INFOPLIST_KEY_UIApplicationSupportsIndirectInputEvents = YES;
				INFOPLIST_KEY_UILaunchScreen_Generation = YES;
				INFOPLIST_KEY_UISupportedInterfaceOrientations_iPad = "UIInterfaceOrientationPortrait UIInterfaceOrientationPortraitUpsideDown UIInterfaceOrientationLandscapeLeft UIInterfaceOrientationLandscapeRight";
				INFOPLIST_KEY_UISupportedInterfaceOrientations_iPhone = "UIInterfaceOrientationPortrait UIInterfaceOrientationLandscapeLeft UIInterfaceOrientationLandscapeRight";
				LD_RUNPATH_SEARCH_PATHS = (
					"$(inherited)",
					"@executable_path/Frameworks",
				);
				MARKETING_VERSION = 1.0;
				PRODUCT_BUNDLE_IDENTIFIER = "com.xili.Nutrition-project-app";
				PRODUCT_NAME = "$(TARGET_NAME)";
				SWIFT_EMIT_LOC_STRINGS = YES;
				SWIFT_VERSION = 5.0;
				TARGETED_DEVICE_FAMILY = "1,2";
			};
			name = Debug;
		};
		FAFFD9322DAADAE70021C268 /* Release */ = {
			isa = XCBuildConfiguration;
			buildSettings = {
				ASSETCATALOG_COMPILER_APPICON_NAME = AppIcon;
				ASSETCATALOG_COMPILER_GLOBAL_ACCENT_COLOR_NAME = AccentColor;
				CODE_SIGN_STYLE = Automatic;
				CURRENT_PROJECT_VERSION = 1;
				DEVELOPMENT_ASSET_PATHS = "\"Nutrition project app/Preview Content\"";
				ENABLE_PREVIEWS = YES;
				GENERATE_INFOPLIST_FILE = YES;
				INFOPLIST_KEY_UIApplicationSceneManifest_Generation = YES;
				INFOPLIST_KEY_UIApplicationSupportsIndirectInputEvents = YES;
				INFOPLIST_KEY_UILaunchScreen_Generation = YES;
				INFOPLIST_KEY_UISupportedInterfaceOrientations_iPad = "UIInterfaceOrientationPortrait UIInterfaceOrientationPortraitUpsideDown UIInterfaceOrientationLandscapeLeft UIInterfaceOrientationLandscapeRight";
				INFOPLIST_KEY_UISupportedInterfaceOrientations_iPhone = "UIInterfaceOrientationPortrait UIInterfaceOrientationLandscapeLeft UIInterfaceOrientationLandscapeRight";
				LD_RUNPATH_SEARCH_PATHS = (
					"$(inherited)",
					"@executable_path/Frameworks",
				);
				MARKETING_VERSION = 1.0;
				PRODUCT_BUNDLE_IDENTIFIER = "com.xili.Nutrition-project-app";
				PRODUCT_NAME = "$(TARGET_NAME)";
				SWIFT_EMIT_LOC_STRINGS = YES;
				SWIFT_VERSION = 5.0;
				TARGETED_DEVICE_FAMILY = "1,2";
			};
			name = Release;
		};
		FAFFD9342DAADAE70021C268 /* Debug */ = {
			isa = XCBuildConfiguration;
			buildSettings = {
				ALWAYS_EMBED_SWIFT_STANDARD_LIBRARIES = YES;
				BUNDLE_LOADER = "$(TEST_HOST)";
				CODE_SIGN_STYLE = Automatic;
				CURRENT_PROJECT_VERSION = 1;
				GENERATE_INFOPLIST_FILE = YES;
				IPHONEOS_DEPLOYMENT_TARGET = 17.5;
				MARKETING_VERSION = 1.0;
				PRODUCT_BUNDLE_IDENTIFIER = "com.xili.Nutrition-project-appTests";
				PRODUCT_NAME = "$(TARGET_NAME)";
				SWIFT_EMIT_LOC_STRINGS = NO;
				SWIFT_VERSION = 5.0;
				TARGETED_DEVICE_FAMILY = "1,2";
				TEST_HOST = "$(BUILT_PRODUCTS_DIR)/Nutrition project app.app/$(BUNDLE_EXECUTABLE_FOLDER_PATH)/Nutrition project app";
			};
			name = Debug;
		};
		FAFFD9352DAADAE70021C268 /* Release */ = {
			isa = XCBuildConfiguration;
			buildSettings = {
				ALWAYS_EMBED_SWIFT_STANDARD_LIBRARIES = YES;
				BUNDLE_LOADER = "$(TEST_HOST)";
				CODE_SIGN_STYLE = Automatic;
				CURRENT_PROJECT_VERSION = 1;
				GENERATE_INFOPLIST_FILE = YES;
				IPHONEOS_DEPLOYMENT_TARGET = 17.5;
				MARKETING_VERSION = 1.0;
				PRODUCT_BUNDLE_IDENTIFIER = "com.xili.Nutrition-project-appTests";
				PRODUCT_NAME = "$(TARGET_NAME)";
				SWIFT_EMIT_LOC_STRINGS = NO;
				SWIFT_VERSION = 5.0;
				TARGETED_DEVICE_FAMILY = "1,2";
				TEST_HOST = "$(BUILT_PRODUCTS_DIR)/Nutrition project app.app/$(BUNDLE_EXECUTABLE_FOLDER_PATH)/Nutrition project app";
			};
			name = Release;
		};
		FAFFD9372DAADAE70021C268 /* Debug */ = {
			isa = XCBuildConfiguration;
			buildSettings = {
				ALWAYS_EMBED_SWIFT_STANDARD_LIBRARIES = YES;
				CODE_SIGN_STYLE = Automatic;
				CURRENT_PROJECT_VERSION = 1;
				GENERATE_INFOPLIST_FILE = YES;
				MARKETING_VERSION = 1.0;
				PRODUCT_BUNDLE_IDENTIFIER = "com.xili.Nutrition-project-appUITests";
				PRODUCT_NAME = "$(TARGET_NAME)";
				SWIFT_EMIT_LOC_STRINGS = NO;
				SWIFT_VERSION = 5.0;
				TARGETED_DEVICE_FAMILY = "1,2";
				TEST_TARGET_NAME = "Nutrition project app";
			};
			name = Debug;
		};
		FAFFD9382DAADAE70021C268 /* Release */ = {
			isa = XCBuildConfiguration;
			buildSettings = {
				ALWAYS_EMBED_SWIFT_STANDARD_LIBRARIES = YES;
				CODE_SIGN_STYLE = Automatic;
				CURRENT_PROJECT_VERSION = 1;
				GENERATE_INFOPLIST_FILE = YES;
				MARKETING_VERSION = 1.0;
				PRODUCT_BUNDLE_IDENTIFIER = "com.xili.Nutrition-project-appUITests";
				PRODUCT_NAME = "$(TARGET_NAME)";
				SWIFT_EMIT_LOC_STRINGS = NO;
				SWIFT_VERSION = 5.0;
				TARGETED_DEVICE_FAMILY = "1,2";
				TEST_TARGET_NAME = "Nutrition project app";
			};
			name = Release;
		};
/* End XCBuildConfiguration section */

/* Begin XCConfigurationList section */
		FAFFD9072DAADAE50021C268 /* Build configuration list for PBXProject "Nutrition project app" */ = {
			isa = XCConfigurationList;
			buildConfigurations = (
				FAFFD92E2DAADAE70021C268 /* Debug */,
				FAFFD92F2DAADAE70021C268 /* Release */,
			);
			defaultConfigurationIsVisible = 0;
			defaultConfigurationName = Release;
		};
		FAFFD9302DAADAE70021C268 /* Build configuration list for PBXNativeTarget "Nutrition project app" */ = {
			isa = XCConfigurationList;
			buildConfigurations = (
				FAFFD9312DAADAE70021C268 /* Debug */,
				FAFFD9322DAADAE70021C268 /* Release */,
			);
			defaultConfigurationIsVisible = 0;
			defaultConfigurationName = Release;
		};
		FAFFD9332DAADAE70021C268 /* Build configuration list for PBXNativeTarget "Nutrition project appTests" */ = {
			isa = XCConfigurationList;
			buildConfigurations = (
				FAFFD9342DAADAE70021C268 /* Debug */,
				FAFFD9352DAADAE70021C268 /* Release */,
			);
			defaultConfigurationIsVisible = 0;
			defaultConfigurationName = Release;
		};
		FAFFD9362DAADAE70021C268 /* Build configuration list for PBXNativeTarget "Nutrition project appUITests" */ = {
			isa = XCConfigurationList;
			buildConfigurations = (
				FAFFD9372DAADAE70021C268 /* Debug */,
				FAFFD9382DAADAE70021C268 /* Release */,
			);
			defaultConfigurationIsVisible = 0;
			defaultConfigurationName = Release;
		};
/* End XCConfigurationList section */
	};
	rootObject = FAFFD9042DAADAE50021C268 /* Project object */;
}
